Microsoft Visual Studio Solution File, Format Version 12.00
# Visual Studio Version 17
VisualStudioVersion = 17.5.2.0
MinimumVisualStudioVersion = 10.0.40219.1
Project("{FAE04EC0-301F-11D3-BF4B-00C04F79EFBC}") = "appAgencia", "appAgencia.csproj", "{54790DC4-5E64-220D-3A2C-F55D0446946F}"
EndProject
Global
	GlobalSection(SolutionConfigurationPlatforms) = preSolution
		Debug|Any CPU = Debug|Any CPU
		Release|Any CPU = Release|Any CPU
	EndGlobalSection
	GlobalSection(ProjectConfigurationPlatforms) = postSolution
		{54790DC4-5E64-220D-3A2C-F55D0446946F}.Debug|Any CPU.ActiveCfg = Debug|Any CPU
		{54790DC4-5E64-220D-3A2C-F55D0446946F}.Debug|Any CPU.Build.0 = Debug|Any CPU
		{54790DC4-5E64-220D-3A2C-F55D0446946F}.Release|Any CPU.ActiveCfg = Release|Any CPU
		{54790DC4-5E64-220D-3A2C-F55D0446946F}.Release|Any CPU.Build.0 = Release|Any CPU
	EndGlobalSection
	GlobalSection(SolutionProperties) = preSolution
		HideSolutionNode = FALSE
	EndGlobalSection
	GlobalSection(ExtensibilityGlobals) = postSolution
		SolutionGuid = {F685A13E-EF16-4838-885E-40E1F20182C0}
	EndGlobalSection
EndGlobal
